// !$*UTF8*$!
{
	archiveVersion = 1;
	classes = {
	};
	objectVersion = 56;
	objects = {

/* Begin PBXBuildFile section */
		D743BC8E2A7D36F300FC4966 /* WalletView.swift in Sources */ = {isa = PBXBuildFile; fileRef = D743BC8D2A7D36F300FC4966 /* WalletView.swift */; };
		D743BC9B2A80452100FC4966 /* BitcoinEnvironment.swift in Sources */ = {isa = PBXBuildFile; fileRef = D743BC9A2A80452100FC4966 /* BitcoinEnvironment.swift */; };
		D743BC9E2A8065DC00FC4966 /* BitcoinDevKit in Frameworks */ = {isa = PBXBuildFile; productRef = D743BC9D2A8065DC00FC4966 /* BitcoinDevKit */; };
		D743BCA02A810A6600FC4966 /* Extensions.swift in Sources */ = {isa = PBXBuildFile; fileRef = D743BC9F2A810A6600FC4966 /* Extensions.swift */; };
		D743BCA22A81239600FC4966 /* SendFormView.swift in Sources */ = {isa = PBXBuildFile; fileRef = D743BCA12A81239600FC4966 /* SendFormView.swift */; };
		D7681F522A7D26F100F9C246 /* SFSafeSymbols in Frameworks */ = {isa = PBXBuildFile; productRef = D7681F512A7D26F100F9C246 /* SFSafeSymbols */; };
		D7681F592A7D31F900F9C246 /* Assets.xcassets in Resources */ = {isa = PBXBuildFile; fileRef = D7681F562A7D31F900F9C246 /* Assets.xcassets */; };
		D7681F5A2A7D31F900F9C246 /* Preview Assets.xcassets in Resources */ = {isa = PBXBuildFile; fileRef = D7681F582A7D31F900F9C246 /* Preview Assets.xcassets */; };
		D7B54A452A820FBC00B12B98 /* SendResultView.swift in Sources */ = {isa = PBXBuildFile; fileRef = D7B54A442A820FBC00B12B98 /* SendResultView.swift */; };
		D7B54A472A8223FF00B12B98 /* SendView.swift in Sources */ = {isa = PBXBuildFile; fileRef = D7B54A462A8223FF00B12B98 /* SendView.swift */; };
		D7EED60A2A7D1B3A00CD0DAF /* TestApp.swift in Sources */ = {isa = PBXBuildFile; fileRef = D7EED6092A7D1B3A00CD0DAF /* TestApp.swift */; };
/* End PBXBuildFile section */

/* Begin PBXFileReference section */
		D743BC8D2A7D36F300FC4966 /* WalletView.swift */ = {isa = PBXFileReference; lastKnownFileType = sourcecode.swift; path = WalletView.swift; sourceTree = "<group>"; };
		D743BC9A2A80452100FC4966 /* BitcoinEnvironment.swift */ = {isa = PBXFileReference; lastKnownFileType = sourcecode.swift; path = BitcoinEnvironment.swift; sourceTree = "<group>"; };
		D743BC9F2A810A6600FC4966 /* Extensions.swift */ = {isa = PBXFileReference; lastKnownFileType = sourcecode.swift; path = Extensions.swift; sourceTree = "<group>"; };
		D743BCA12A81239600FC4966 /* SendFormView.swift */ = {isa = PBXFileReference; lastKnownFileType = sourcecode.swift; path = SendFormView.swift; sourceTree = "<group>"; };
		D7681F562A7D31F900F9C246 /* Assets.xcassets */ = {isa = PBXFileReference; lastKnownFileType = folder.assetcatalog; path = Assets.xcassets; sourceTree = "<group>"; };
		D7681F582A7D31F900F9C246 /* Preview Assets.xcassets */ = {isa = PBXFileReference; lastKnownFileType = folder.assetcatalog; path = "Preview Assets.xcassets"; sourceTree = "<group>"; };
		D7B54A442A820FBC00B12B98 /* SendResultView.swift */ = {isa = PBXFileReference; lastKnownFileType = sourcecode.swift; path = SendResultView.swift; sourceTree = "<group>"; };
		D7B54A462A8223FF00B12B98 /* SendView.swift */ = {isa = PBXFileReference; lastKnownFileType = sourcecode.swift; path = SendView.swift; sourceTree = "<group>"; };
		D7EED6062A7D1B3A00CD0DAF /* Test.app */ = {isa = PBXFileReference; explicitFileType = wrapper.application; includeInIndex = 0; path = Test.app; sourceTree = BUILT_PRODUCTS_DIR; };
		D7EED6092A7D1B3A00CD0DAF /* TestApp.swift */ = {isa = PBXFileReference; lastKnownFileType = sourcecode.swift; path = TestApp.swift; sourceTree = "<group>"; };
/* End PBXFileReference section */

/* Begin PBXFrameworksBuildPhase section */
		D7EED6032A7D1B3A00CD0DAF /* Frameworks */ = {
			isa = PBXFrameworksBuildPhase;
			buildActionMask = 2147483647;
			files = (
				D743BC9E2A8065DC00FC4966 /* BitcoinDevKit in Frameworks */,
				D7681F522A7D26F100F9C246 /* SFSafeSymbols in Frameworks */,
			);
			runOnlyForDeploymentPostprocessing = 0;
		};
/* End PBXFrameworksBuildPhase section */

/* Begin PBXGroup section */
		D7681F532A7D317400F9C246 /* Sources */ = {
			isa = PBXGroup;
			children = (
				D743BC9A2A80452100FC4966 /* BitcoinEnvironment.swift */,
				D743BC9F2A810A6600FC4966 /* Extensions.swift */,
				D743BCA12A81239600FC4966 /* SendFormView.swift */,
				D7B54A442A820FBC00B12B98 /* SendResultView.swift */,
				D7B54A462A8223FF00B12B98 /* SendView.swift */,
				D743BC8D2A7D36F300FC4966 /* WalletView.swift */,
			);
			path = Sources;
			sourceTree = "<group>";
		};
		D7681F552A7D31F900F9C246 /* Resources */ = {
			isa = PBXGroup;
			children = (
				D7681F562A7D31F900F9C246 /* Assets.xcassets */,
				D7681F572A7D31F900F9C246 /* Preview Content */,
			);
			path = Resources;
			sourceTree = "<group>";
		};
		D7681F572A7D31F900F9C246 /* Preview Content */ = {
			isa = PBXGroup;
			children = (
				D7681F582A7D31F900F9C246 /* Preview Assets.xcassets */,
			);
			path = "Preview Content";
			sourceTree = "<group>";
		};
		D7EED5FD2A7D1B3A00CD0DAF = {
			isa = PBXGroup;
			children = (
				D7EED6092A7D1B3A00CD0DAF /* TestApp.swift */,
				D7681F532A7D317400F9C246 /* Sources */,
				D7681F552A7D31F900F9C246 /* Resources */,
				D7EED6072A7D1B3A00CD0DAF /* Products */,
			);
			sourceTree = "<group>";
		};
		D7EED6072A7D1B3A00CD0DAF /* Products */ = {
			isa = PBXGroup;
			children = (
				D7EED6062A7D1B3A00CD0DAF /* Test.app */,
			);
			name = Products;
			sourceTree = "<group>";
		};
/* End PBXGroup section */

/* Begin PBXNativeTarget section */
		D7EED6052A7D1B3A00CD0DAF /* Test */ = {
			isa = PBXNativeTarget;
			buildConfigurationList = D7EED6152A7D1B3B00CD0DAF /* Build configuration list for PBXNativeTarget "Test" */;
			buildPhases = (
				D7EED6022A7D1B3A00CD0DAF /* Sources */,
				D7EED6032A7D1B3A00CD0DAF /* Frameworks */,
				D7EED6042A7D1B3A00CD0DAF /* Resources */,
			);
			buildRules = (
			);
			dependencies = (
			);
			name = Test;
			packageProductDependencies = (
				D7681F512A7D26F100F9C246 /* SFSafeSymbols */,
				D743BC9D2A8065DC00FC4966 /* BitcoinDevKit */,
			);
			productName = test;
			productReference = D7EED6062A7D1B3A00CD0DAF /* Test.app */;
			productType = "com.apple.product-type.application";
		};
/* End PBXNativeTarget section */

/* Begin PBXProject section */
		D7EED5FE2A7D1B3A00CD0DAF /* Project object */ = {
			isa = PBXProject;
			attributes = {
				BuildIndependentTargetsInParallel = 1;
				LastSwiftUpdateCheck = 1420;
				LastUpgradeCheck = 1420;
				TargetAttributes = {
					D7EED6052A7D1B3A00CD0DAF = {
						CreatedOnToolsVersion = 14.2;
					};
				};
			};
			buildConfigurationList = D7EED6012A7D1B3A00CD0DAF /* Build configuration list for PBXProject "Test" */;
			compatibilityVersion = "Xcode 14.0";
			developmentRegion = en;
			hasScannedForEncodings = 0;
			knownRegions = (
				en,
				Base,
			);
			mainGroup = D7EED5FD2A7D1B3A00CD0DAF;
			packageReferences = (
				D7681F502A7D26F100F9C246 /* XCRemoteSwiftPackageReference "SFSafeSymbols" */,
				D743BC9C2A8065DC00FC4966 /* XCRemoteSwiftPackageReference "bdk-swift" */,
			);
			productRefGroup = D7EED6072A7D1B3A00CD0DAF /* Products */;
			projectDirPath = "";
			projectRoot = "";
			targets = (
				D7EED6052A7D1B3A00CD0DAF /* Test */,
			);
		};
/* End PBXProject section */

/* Begin PBXResourcesBuildPhase section */
		D7EED6042A7D1B3A00CD0DAF /* Resources */ = {
			isa = PBXResourcesBuildPhase;
			buildActionMask = 2147483647;
			files = (
				D7681F5A2A7D31F900F9C246 /* Preview Assets.xcassets in Resources */,
				D7681F592A7D31F900F9C246 /* Assets.xcassets in Resources */,
			);
			runOnlyForDeploymentPostprocessing = 0;
		};
/* End PBXResourcesBuildPhase section */

/* Begin PBXSourcesBuildPhase section */
		D7EED6022A7D1B3A00CD0DAF /* Sources */ = {
			isa = PBXSourcesBuildPhase;
			buildActionMask = 2147483647;
			files = (
				D7B54A452A820FBC00B12B98 /* SendResultView.swift in Sources */,
				D743BC8E2A7D36F300FC4966 /* WalletView.swift in Sources */,
				D7EED60A2A7D1B3A00CD0DAF /* TestApp.swift in Sources */,
				D743BC9B2A80452100FC4966 /* BitcoinEnvironment.swift in Sources */,
				D743BCA22A81239600FC4966 /* SendFormView.swift in Sources */,
				D7B54A472A8223FF00B12B98 /* SendView.swift in Sources */,
				D743BCA02A810A6600FC4966 /* Extensions.swift in Sources */,
			);
			runOnlyForDeploymentPostprocessing = 0;
		};
/* End PBXSourcesBuildPhase section */

/* Begin XCBuildConfiguration section */
		D7EED6132A7D1B3B00CD0DAF /* Debug */ = {
			isa = XCBuildConfiguration;
			buildSettings = {
				ALWAYS_SEARCH_USER_PATHS = NO;
				CLANG_ANALYZER_NONNULL = YES;
				CLANG_ANALYZER_NUMBER_OBJECT_CONVERSION = YES_AGGRESSIVE;
				CLANG_CXX_LANGUAGE_STANDARD = "gnu++20";
				CLANG_ENABLE_MODULES = YES;
				CLANG_ENABLE_OBJC_ARC = YES;
				CLANG_ENABLE_OBJC_WEAK = YES;
				CLANG_WARN_BLOCK_CAPTURE_AUTORELEASING = YES;
				CLANG_WARN_BOOL_CONVERSION = YES;
				CLANG_WARN_COMMA = YES;
				CLANG_WARN_CONSTANT_CONVERSION = YES;
				CLANG_WARN_DEPRECATED_OBJC_IMPLEMENTATIONS = YES;
				CLANG_WARN_DIRECT_OBJC_ISA_USAGE = YES_ERROR;
				CLANG_WARN_DOCUMENTATION_COMMENTS = YES;
				CLANG_WARN_EMPTY_BODY = YES;
				CLANG_WARN_ENUM_CONVERSION = YES;
				CLANG_WARN_INFINITE_RECURSION = YES;
				CLANG_WARN_INT_CONVERSION = YES;
				CLANG_WARN_NON_LITERAL_NULL_CONVERSION = YES;
				CLANG_WARN_OBJC_IMPLICIT_RETAIN_SELF = YES;
				CLANG_WARN_OBJC_LITERAL_CONVERSION = YES;
				CLANG_WARN_OBJC_ROOT_CLASS = YES_ERROR;
				CLANG_WARN_QUOTED_INCLUDE_IN_FRAMEWORK_HEADER = YES;
				CLANG_WARN_RANGE_LOOP_ANALYSIS = YES;
				CLANG_WARN_STRICT_PROTOTYPES = YES;
				CLANG_WARN_SUSPICIOUS_MOVE = YES;
				CLANG_WARN_UNGUARDED_AVAILABILITY = YES_AGGRESSIVE;
				CLANG_WARN_UNREACHABLE_CODE = YES;
				CLANG_WARN__DUPLICATE_METHOD_MATCH = YES;
				COPY_PHASE_STRIP = NO;
				DEBUG_INFORMATION_FORMAT = dwarf;
				ENABLE_STRICT_OBJC_MSGSEND = YES;
				ENABLE_TESTABILITY = YES;
				GCC_C_LANGUAGE_STANDARD = gnu11;
				GCC_DYNAMIC_NO_PIC = NO;
				GCC_NO_COMMON_BLOCKS = YES;
				GCC_OPTIMIZATION_LEVEL = 0;
				GCC_PREPROCESSOR_DEFINITIONS = (
					"DEBUG=1",
					"$(inherited)",
				);
				GCC_WARN_64_TO_32_BIT_CONVERSION = YES;
				GCC_WARN_ABOUT_RETURN_TYPE = YES_ERROR;
				GCC_WARN_UNDECLARED_SELECTOR = YES;
				GCC_WARN_UNINITIALIZED_AUTOS = YES_AGGRESSIVE;
				GCC_WARN_UNUSED_FUNCTION = YES;
				GCC_WARN_UNUSED_VARIABLE = YES;
				MTL_ENABLE_DEBUG_INFO = INCLUDE_SOURCE;
				MTL_FAST_MATH = YES;
				ONLY_ACTIVE_ARCH = YES;
				SWIFT_ACTIVE_COMPILATION_CONDITIONS = DEBUG;
				SWIFT_OPTIMIZATION_LEVEL = "-Onone";
			};
			name = Debug;
		};
		D7EED6142A7D1B3B00CD0DAF /* Release */ = {
			isa = XCBuildConfiguration;
			buildSettings = {
				ALWAYS_SEARCH_USER_PATHS = NO;
				CLANG_ANALYZER_NONNULL = YES;
				CLANG_ANALYZER_NUMBER_OBJECT_CONVERSION = YES_AGGRESSIVE;
				CLANG_CXX_LANGUAGE_STANDARD = "gnu++20";
				CLANG_ENABLE_MODULES = YES;
				CLANG_ENABLE_OBJC_ARC = YES;
				CLANG_ENABLE_OBJC_WEAK = YES;
				CLANG_WARN_BLOCK_CAPTURE_AUTORELEASING = YES;
				CLANG_WARN_BOOL_CONVERSION = YES;
				CLANG_WARN_COMMA = YES;
				CLANG_WARN_CONSTANT_CONVERSION = YES;
				CLANG_WARN_DEPRECATED_OBJC_IMPLEMENTATIONS = YES;
				CLANG_WARN_DIRECT_OBJC_ISA_USAGE = YES_ERROR;
				CLANG_WARN_DOCUMENTATION_COMMENTS = YES;
				CLANG_WARN_EMPTY_BODY = YES;
				CLANG_WARN_ENUM_CONVERSION = YES;
				CLANG_WARN_INFINITE_RECURSION = YES;
				CLANG_WARN_INT_CONVERSION = YES;
				CLANG_WARN_NON_LITERAL_NULL_CONVERSION = YES;
				CLANG_WARN_OBJC_IMPLICIT_RETAIN_SELF = YES;
				CLANG_WARN_OBJC_LITERAL_CONVERSION = YES;
				CLANG_WARN_OBJC_ROOT_CLASS = YES_ERROR;
				CLANG_WARN_QUOTED_INCLUDE_IN_FRAMEWORK_HEADER = YES;
				CLANG_WARN_RANGE_LOOP_ANALYSIS = YES;
				CLANG_WARN_STRICT_PROTOTYPES = YES;
				CLANG_WARN_SUSPICIOUS_MOVE = YES;
				CLANG_WARN_UNGUARDED_AVAILABILITY = YES_AGGRESSIVE;
				CLANG_WARN_UNREACHABLE_CODE = YES;
				CLANG_WARN__DUPLICATE_METHOD_MATCH = YES;
				COPY_PHASE_STRIP = NO;
				DEBUG_INFORMATION_FORMAT = "dwarf-with-dsym";
				ENABLE_NS_ASSERTIONS = NO;
				ENABLE_STRICT_OBJC_MSGSEND = YES;
				GCC_C_LANGUAGE_STANDARD = gnu11;
				GCC_NO_COMMON_BLOCKS = YES;
				GCC_WARN_64_TO_32_BIT_CONVERSION = YES;
				GCC_WARN_ABOUT_RETURN_TYPE = YES_ERROR;
				GCC_WARN_UNDECLARED_SELECTOR = YES;
				GCC_WARN_UNINITIALIZED_AUTOS = YES_AGGRESSIVE;
				GCC_WARN_UNUSED_FUNCTION = YES;
				GCC_WARN_UNUSED_VARIABLE = YES;
				MTL_ENABLE_DEBUG_INFO = NO;
				MTL_FAST_MATH = YES;
				SWIFT_COMPILATION_MODE = wholemodule;
				SWIFT_OPTIMIZATION_LEVEL = "-O";
			};
			name = Release;
		};
		D7EED6162A7D1B3B00CD0DAF /* Debug */ = {
			isa = XCBuildConfiguration;
			buildSettings = {
				ASSETCATALOG_COMPILER_APPICON_NAME = AppIcon;
				ASSETCATALOG_COMPILER_GLOBAL_ACCENT_COLOR_NAME = AccentColor;
				CODE_SIGN_ENTITLEMENTS = macOS/macOS.entitlements;
				CODE_SIGN_STYLE = Automatic;
				CURRENT_PROJECT_VERSION = 1;
				DEVELOPMENT_ASSET_PATHS = "\"Resources/Preview Content\"";
				DEVELOPMENT_TEAM = WBX74G4R6X;
				ENABLE_HARDENED_RUNTIME = YES;
				ENABLE_PREVIEWS = YES;
				GENERATE_INFOPLIST_FILE = YES;
				"INFOPLIST_KEY_UIApplicationSceneManifest_Generation[sdk=iphoneos*]" = YES;
				"INFOPLIST_KEY_UIApplicationSceneManifest_Generation[sdk=iphonesimulator*]" = YES;
				"INFOPLIST_KEY_UIApplicationSupportsIndirectInputEvents[sdk=iphoneos*]" = YES;
				"INFOPLIST_KEY_UIApplicationSupportsIndirectInputEvents[sdk=iphonesimulator*]" = YES;
				"INFOPLIST_KEY_UILaunchScreen_Generation[sdk=iphoneos*]" = YES;
				"INFOPLIST_KEY_UILaunchScreen_Generation[sdk=iphonesimulator*]" = YES;
				"INFOPLIST_KEY_UIStatusBarStyle[sdk=iphoneos*]" = UIStatusBarStyleDefault;
				"INFOPLIST_KEY_UIStatusBarStyle[sdk=iphonesimulator*]" = UIStatusBarStyleDefault;
				INFOPLIST_KEY_UISupportedInterfaceOrientations_iPad = "UIInterfaceOrientationPortrait UIInterfaceOrientationPortraitUpsideDown UIInterfaceOrientationLandscapeLeft UIInterfaceOrientationLandscapeRight";
				INFOPLIST_KEY_UISupportedInterfaceOrientations_iPhone = "UIInterfaceOrientationPortrait UIInterfaceOrientationLandscapeLeft UIInterfaceOrientationLandscapeRight";
				IPHONEOS_DEPLOYMENT_TARGET = 16.0;
				LD_RUNPATH_SEARCH_PATHS = "@executable_path/Frameworks";
				"LD_RUNPATH_SEARCH_PATHS[sdk=macosx*]" = "@executable_path/../Frameworks";
				MACOSX_DEPLOYMENT_TARGET = 13.0;
				MARKETING_VERSION = 1.0;
				PRODUCT_BUNDLE_IDENTIFIER = com.nekipelov.test;
				PRODUCT_NAME = "$(TARGET_NAME)";
				SDKROOT = auto;
				SUPPORTED_PLATFORMS = "iphoneos iphonesimulator";
				SUPPORTS_MACCATALYST = NO;
				SUPPORTS_MAC_DESIGNED_FOR_IPHONE_IPAD = NO;
				SWIFT_EMIT_LOC_STRINGS = YES;
				SWIFT_VERSION = 5.0;
				TARGETED_DEVICE_FAMILY = "1,2";
			};
			name = Debug;
		};
		D7EED6172A7D1B3B00CD0DAF /* Release */ = {
			isa = XCBuildConfiguration;
			buildSettings = {
				ASSETCATALOG_COMPILER_APPICON_NAME = AppIcon;
				ASSETCATALOG_COMPILER_GLOBAL_ACCENT_COLOR_NAME = AccentColor;
				CODE_SIGN_ENTITLEMENTS = macOS/macOS.entitlements;
				CODE_SIGN_STYLE = Automatic;
				CURRENT_PROJECT_VERSION = 1;
				DEVELOPMENT_ASSET_PATHS = "\"Resources/Preview Content\"";
				DEVELOPMENT_TEAM = WBX74G4R6X;
				ENABLE_HARDENED_RUNTIME = YES;
				ENABLE_PREVIEWS = YES;
				GENERATE_INFOPLIST_FILE = YES;
				"INFOPLIST_KEY_UIApplicationSceneManifest_Generation[sdk=iphoneos*]" = YES;
				"INFOPLIST_KEY_UIApplicationSceneManifest_Generation[sdk=iphonesimulator*]" = YES;
				"INFOPLIST_KEY_UIApplicationSupportsIndirectInputEvents[sdk=iphoneos*]" = YES;
				"INFOPLIST_KEY_UIApplicationSupportsIndirectInputEvents[sdk=iphonesimulator*]" = YES;
				"INFOPLIST_KEY_UILaunchScreen_Generation[sdk=iphoneos*]" = YES;
				"INFOPLIST_KEY_UILaunchScreen_Generation[sdk=iphonesimulator*]" = YES;
				"INFOPLIST_KEY_UIStatusBarStyle[sdk=iphoneos*]" = UIStatusBarStyleDefault;
				"INFOPLIST_KEY_UIStatusBarStyle[sdk=iphonesimulator*]" = UIStatusBarStyleDefault;
				INFOPLIST_KEY_UISupportedInterfaceOrientations_iPad = "UIInterfaceOrientationPortrait UIInterfaceOrientationPortraitUpsideDown UIInterfaceOrientationLandscapeLeft UIInterfaceOrientationLandscapeRight";
				INFOPLIST_KEY_UISupportedInterfaceOrientations_iPhone = "UIInterfaceOrientationPortrait UIInterfaceOrientationLandscapeLeft UIInterfaceOrientationLandscapeRight";
				IPHONEOS_DEPLOYMENT_TARGET = 16.0;
				LD_RUNPATH_SEARCH_PATHS = "@executable_path/Frameworks";
				"LD_RUNPATH_SEARCH_PATHS[sdk=macosx*]" = "@executable_path/../Frameworks";
				MACOSX_DEPLOYMENT_TARGET = 13.0;
				MARKETING_VERSION = 1.0;
				PRODUCT_BUNDLE_IDENTIFIER = com.nekipelov.test;
				PRODUCT_NAME = "$(TARGET_NAME)";
				SDKROOT = auto;
				SUPPORTED_PLATFORMS = "iphoneos iphonesimulator";
				SUPPORTS_MACCATALYST = NO;
				SUPPORTS_MAC_DESIGNED_FOR_IPHONE_IPAD = NO;
				SWIFT_EMIT_LOC_STRINGS = YES;
				SWIFT_VERSION = 5.0;
				TARGETED_DEVICE_FAMILY = "1,2";
			};
			name = Release;
		};
/* End XCBuildConfiguration section */

/* Begin XCConfigurationList section */
		D7EED6012A7D1B3A00CD0DAF /* Build configuration list for PBXProject "Test" */ = {
			isa = XCConfigurationList;
			buildConfigurations = (
				D7EED6132A7D1B3B00CD0DAF /* Debug */,
				D7EED6142A7D1B3B00CD0DAF /* Release */,
			);
			defaultConfigurationIsVisible = 0;
			defaultConfigurationName = Release;
		};
		D7EED6152A7D1B3B00CD0DAF /* Build configuration list for PBXNativeTarget "Test" */ = {
			isa = XCConfigurationList;
			buildConfigurations = (
				D7EED6162A7D1B3B00CD0DAF /* Debug */,
				D7EED6172A7D1B3B00CD0DAF /* Release */,
			);
			defaultConfigurationIsVisible = 0;
			defaultConfigurationName = Release;
		};
/* End XCConfigurationList section */

/* Begin XCRemoteSwiftPackageReference section */
		D743BC9C2A8065DC00FC4966 /* XCRemoteSwiftPackageReference "bdk-swift" */ = {
			isa = XCRemoteSwiftPackageReference;
			repositoryURL = "https://github.com/bitcoindevkit/bdk-swift";
			requirement = {
				kind = upToNextMajorVersion;
				minimumVersion = 0.7.1;
			};
		};
		D7681F502A7D26F100F9C246 /* XCRemoteSwiftPackageReference "SFSafeSymbols" */ = {
			isa = XCRemoteSwiftPackageReference;
			repositoryURL = "https://github.com/SFSafeSymbols/SFSafeSymbols";
			requirement = {
				kind = upToNextMajorVersion;
				minimumVersion = 4.0.0;
			};
		};
/* End XCRemoteSwiftPackageReference section */

/* Begin XCSwiftPackageProductDependency section */
		D743BC9D2A8065DC00FC4966 /* BitcoinDevKit */ = {
			isa = XCSwiftPackageProductDependency;
			package = D743BC9C2A8065DC00FC4966 /* XCRemoteSwiftPackageReference "bdk-swift" */;
			productName = BitcoinDevKit;
		};
		D7681F512A7D26F100F9C246 /* SFSafeSymbols */ = {
			isa = XCSwiftPackageProductDependency;
			package = D7681F502A7D26F100F9C246 /* XCRemoteSwiftPackageReference "SFSafeSymbols" */;
			productName = SFSafeSymbols;
		};
/* End XCSwiftPackageProductDependency section */
	};
	rootObject = D7EED5FE2A7D1B3A00CD0DAF /* Project object */;
}
